
Microsoft Visual Studio Solution File, Format Version 12.00
# Visual Studio Version 16
VisualStudioVersion = 16.0.29806.167
MinimumVisualStudioVersion = 10.0.40219.1
Project("{FAE04EC0-301F-11D3-BF4B-00C04F79EFBC}") = "Bootstrapper", "Bootstrapper\Bootstrapper.csproj", "{068F7880-21BD-475F-A346-13AB0A23133E}"
EndProject
Project("{9A19103F-16F7-4668-BE54-9A1E7A4F7556}") = "People.Service", "People.Service\People.Service.csproj", "{7DD92A6C-7CB1-4CA2-9CD3-0C95633F198E}"
EndProject
Project("{2150E333-8FDC-42A3-9474-1A3956D46DE8}") = "1-Bootstrapper", "1-Bootstrapper", "{15C7047A-450E-4269-9F29-96EC321EA848}"
EndProject
Project("{2150E333-8FDC-42A3-9474-1A3956D46DE8}") = "4-DataStorage", "4-DataStorage", "{FF2926BF-8456-4C06-A755-3C3EB61F3DFE}"
EndProject
Project("{2150E333-8FDC-42A3-9474-1A3956D46DE8}") = "3-DataAccess", "3-DataAccess", "{C3D5F2F8-736B-4DCD-B829-8BFED74BA493}"
EndProject
Project("{2150E333-8FDC-42A3-9474-1A3956D46DE8}") = "2-Presentation", "2-Presentation", "{B12AEE66-1494-418E-A0DF-DDDA33E259F1}"
EndProject
Project("{9A19103F-16F7-4668-BE54-9A1E7A4F7556}") = "PeopleViewer.Presentation", "PeopleViewer.Presentation\PeopleViewer.Presentation.csproj", "{952DADE9-B379-4EF2-AA13-781A847818EC}"
EndProject
Project("{9A19103F-16F7-4668-BE54-9A1E7A4F7556}") = "PersonDataReader.Service", "PersonDataReader.Service\PersonDataReader.Service.csproj", "{CA99E8C7-8790-4FA2-9787-C8E5DB9E356E}"
EndProject
Project("{2150E333-8FDC-42A3-9474-1A3956D46DE8}") = "Shared", "Shared", "{27775FC0-A841-491F-AE5E-99BF754C0077}"
EndProject
Project("{9A19103F-16F7-4668-BE54-9A1E7A4F7556}") = "PeopleViewer.Common", "PeopleViewer.Common\PeopleViewer.Common.csproj", "{5D9D9BE8-9C6A-4655-9695-99942577A1D2}"
EndProject
Project("{2150E333-8FDC-42A3-9474-1A3956D46DE8}") = "5-View", "5-View", "{57A599C8-8127-4D56-899F-199F77DFBCEA}"
EndProject
Project("{9A19103F-16F7-4668-BE54-9A1E7A4F7556}") = "PeopleViewer.View", "PeopleViewer.View\PeopleViewer.View.csproj", "{C8890A07-2ABC-45EC-9FAE-2C1E2F932782}"
EndProject
Project("{9A19103F-16F7-4668-BE54-9A1E7A4F7556}") = "PersonDataReader.CSV", "PersonDataReader.CSV\PersonDataReader.CSV.csproj", "{56B603DB-12BF-4518-A4A6-FA922E7529EB}"
EndProject
Project("{9A19103F-16F7-4668-BE54-9A1E7A4F7556}") = "PersonDataReader.SQL", "PersonDataReader.SQL\PersonDataReader.SQL.csproj", "{3D6B1335-311A-4CFD-910C-B8FF0C3F5675}"
EndProject
Project("{9A19103F-16F7-4668-BE54-9A1E7A4F7556}") = "PersonDataReader.Decorators", "PersonDataReader.Decorators\PersonDataReader.Decorators.csproj", "{12498A92-EE1A-428B-B521-4F90FF42D59C}"
EndProject
Project("{2150E333-8FDC-42A3-9474-1A3956D46DE8}") = "UnitTests", "UnitTests", "{FBA9619D-F2C9-428C-821E-F62CB7237D6B}"
EndProject
Project("{FAE04EC0-301F-11D3-BF4B-00C04F79EFBC}") = "PeopleViewer.Presentation.Tests", "PeopleViwewer.Presentation.Tests\PeopleViewer.Presentation.Tests.csproj", "{277209ED-8C51-47EA-B63F-B3CA82A547C7}"
EndProject
Global
	GlobalSection(SolutionConfigurationPlatforms) = preSolution
		Debug|Any CPU = Debug|Any CPU
		Release|Any CPU = Release|Any CPU
	EndGlobalSection
	GlobalSection(ProjectConfigurationPlatforms) = postSolution
		{068F7880-21BD-475F-A346-13AB0A23133E}.Debug|Any CPU.ActiveCfg = Debug|Any CPU
		{068F7880-21BD-475F-A346-13AB0A23133E}.Debug|Any CPU.Build.0 = Debug|Any CPU
		{068F7880-21BD-475F-A346-13AB0A23133E}.Release|Any CPU.ActiveCfg = Release|Any CPU
		{068F7880-21BD-475F-A346-13AB0A23133E}.Release|Any CPU.Build.0 = Release|Any CPU
		{7DD92A6C-7CB1-4CA2-9CD3-0C95633F198E}.Debug|Any CPU.ActiveCfg = Debug|Any CPU
		{7DD92A6C-7CB1-4CA2-9CD3-0C95633F198E}.Debug|Any CPU.Build.0 = Debug|Any CPU
		{7DD92A6C-7CB1-4CA2-9CD3-0C95633F198E}.Release|Any CPU.ActiveCfg = Release|Any CPU
		{7DD92A6C-7CB1-4CA2-9CD3-0C95633F198E}.Release|Any CPU.Build.0 = Release|Any CPU
		{952DADE9-B379-4EF2-AA13-781A847818EC}.Debug|Any CPU.ActiveCfg = Debug|Any CPU
		{952DADE9-B379-4EF2-AA13-781A847818EC}.Debug|Any CPU.Build.0 = Debug|Any CPU
		{952DADE9-B379-4EF2-AA13-781A847818EC}.Release|Any CPU.ActiveCfg = Release|Any CPU
		{952DADE9-B379-4EF2-AA13-781A847818EC}.Release|Any CPU.Build.0 = Release|Any CPU
		{CA99E8C7-8790-4FA2-9787-C8E5DB9E356E}.Debug|Any CPU.ActiveCfg = Debug|Any CPU
		{CA99E8C7-8790-4FA2-9787-C8E5DB9E356E}.Debug|Any CPU.Build.0 = Debug|Any CPU
		{CA99E8C7-8790-4FA2-9787-C8E5DB9E356E}.Release|Any CPU.ActiveCfg = Release|Any CPU
		{CA99E8C7-8790-4FA2-9787-C8E5DB9E356E}.Release|Any CPU.Build.0 = Release|Any CPU
		{5D9D9BE8-9C6A-4655-9695-99942577A1D2}.Debug|Any CPU.ActiveCfg = Debug|Any CPU
		{5D9D9BE8-9C6A-4655-9695-99942577A1D2}.Debug|Any CPU.Build.0 = Debug|Any CPU
		{5D9D9BE8-9C6A-4655-9695-99942577A1D2}.Release|Any CPU.ActiveCfg = Release|Any CPU
		{5D9D9BE8-9C6A-4655-9695-99942577A1D2}.Release|Any CPU.Build.0 = Release|Any CPU
		{C8890A07-2ABC-45EC-9FAE-2C1E2F932782}.Debug|Any CPU.ActiveCfg = Debug|Any CPU
		{C8890A07-2ABC-45EC-9FAE-2C1E2F932782}.Debug|Any CPU.Build.0 = Debug|Any CPU
		{C8890A07-2ABC-45EC-9FAE-2C1E2F932782}.Release|Any CPU.ActiveCfg = Release|Any CPU
		{C8890A07-2ABC-45EC-9FAE-2C1E2F932782}.Release|Any CPU.Build.0 = Release|Any CPU
		{56B603DB-12BF-4518-A4A6-FA922E7529EB}.Debug|Any CPU.ActiveCfg = Debug|Any CPU
		{56B603DB-12BF-4518-A4A6-FA922E7529EB}.Debug|Any CPU.Build.0 = Debug|Any CPU
		{56B603DB-12BF-4518-A4A6-FA922E7529EB}.Release|Any CPU.ActiveCfg = Release|Any CPU
		{56B603DB-12BF-4518-A4A6-FA922E7529EB}.Release|Any CPU.Build.0 = Release|Any CPU
		{3D6B1335-311A-4CFD-910C-B8FF0C3F5675}.Debug|Any CPU.ActiveCfg = Debug|Any CPU
		{3D6B1335-311A-4CFD-910C-B8FF0C3F5675}.Debug|Any CPU.Build.0 = Debug|Any CPU
		{3D6B1335-311A-4CFD-910C-B8FF0C3F5675}.Release|Any CPU.ActiveCfg = Release|Any CPU
		{3D6B1335-311A-4CFD-910C-B8FF0C3F5675}.Release|Any CPU.Build.0 = Release|Any CPU
		{12498A92-EE1A-428B-B521-4F90FF42D59C}.Debug|Any CPU.ActiveCfg = Debug|Any CPU
		{12498A92-EE1A-428B-B521-4F90FF42D59C}.Debug|Any CPU.Build.0 = Debug|Any CPU
		{12498A92-EE1A-428B-B521-4F90FF42D59C}.Release|Any CPU.ActiveCfg = Release|Any CPU
		{12498A92-EE1A-428B-B521-4F90FF42D59C}.Release|Any CPU.Build.0 = Release|Any CPU
		{277209ED-8C51-47EA-B63F-B3CA82A547C7}.Debug|Any CPU.ActiveCfg = Debug|Any CPU
		{277209ED-8C51-47EA-B63F-B3CA82A547C7}.Debug|Any CPU.Build.0 = Debug|Any CPU
		{277209ED-8C51-47EA-B63F-B3CA82A547C7}.Release|Any CPU.ActiveCfg = Release|Any CPU
		{277209ED-8C51-47EA-B63F-B3CA82A547C7}.Release|Any CPU.Build.0 = Release|Any CPU
	EndGlobalSection
	GlobalSection(SolutionProperties) = preSolution
		HideSolutionNode = FALSE
	EndGlobalSection
	GlobalSection(NestedProjects) = preSolution
		{068F7880-21BD-475F-A346-13AB0A23133E} = {15C7047A-450E-4269-9F29-96EC321EA848}
		{7DD92A6C-7CB1-4CA2-9CD3-0C95633F198E} = {FF2926BF-8456-4C06-A755-3C3EB61F3DFE}
		{952DADE9-B379-4EF2-AA13-781A847818EC} = {B12AEE66-1494-418E-A0DF-DDDA33E259F1}
		{CA99E8C7-8790-4FA2-9787-C8E5DB9E356E} = {C3D5F2F8-736B-4DCD-B829-8BFED74BA493}
		{5D9D9BE8-9C6A-4655-9695-99942577A1D2} = {27775FC0-A841-491F-AE5E-99BF754C0077}
		{C8890A07-2ABC-45EC-9FAE-2C1E2F932782} = {57A599C8-8127-4D56-899F-199F77DFBCEA}
		{56B603DB-12BF-4518-A4A6-FA922E7529EB} = {C3D5F2F8-736B-4DCD-B829-8BFED74BA493}
		{3D6B1335-311A-4CFD-910C-B8FF0C3F5675} = {C3D5F2F8-736B-4DCD-B829-8BFED74BA493}
		{12498A92-EE1A-428B-B521-4F90FF42D59C} = {C3D5F2F8-736B-4DCD-B829-8BFED74BA493}
		{277209ED-8C51-47EA-B63F-B3CA82A547C7} = {FBA9619D-F2C9-428C-821E-F62CB7237D6B}
	EndGlobalSection
	GlobalSection(ExtensibilityGlobals) = postSolution
		SolutionGuid = {FCF92DCF-3599-4010-BB06-FFF5E0A25037}
	EndGlobalSection
EndGlobal
